// !$*UTF8*$!
{
	archiveVersion = 1;
	classes = {
	};
	objectVersion = 50;
	objects = {

/* Begin PBXBuildFile section */
		184B77CD24188C3C0007A7E4 /* AppDelegate.swift in Sources */ = {isa = PBXBuildFile; fileRef = 184B77CC24188C3C0007A7E4 /* AppDelegate.swift */; };
		184B77CF24188C3C0007A7E4 /* SceneDelegate.swift in Sources */ = {isa = PBXBuildFile; fileRef = 184B77CE24188C3C0007A7E4 /* SceneDelegate.swift */; };
		184B77D124188C3C0007A7E4 /* ViewController.swift in Sources */ = {isa = PBXBuildFile; fileRef = 184B77D024188C3C0007A7E4 /* ViewController.swift */; };
		184B77D424188C3C0007A7E4 /* Main.storyboard in Resources */ = {isa = PBXBuildFile; fileRef = 184B77D224188C3C0007A7E4 /* Main.storyboard */; };
		184B77D624188C3F0007A7E4 /* Assets.xcassets in Resources */ = {isa = PBXBuildFile; fileRef = 184B77D524188C3F0007A7E4 /* Assets.xcassets */; };
		184B77D924188C3F0007A7E4 /* LaunchScreen.storyboard in Resources */ = {isa = PBXBuildFile; fileRef = 184B77D724188C3F0007A7E4 /* LaunchScreen.storyboard */; };
		184B77E124188CC70007A7E4 /* SearchResultTableViewController.swift in Sources */ = {isa = PBXBuildFile; fileRef = 184B77E024188CC70007A7E4 /* SearchResultTableViewController.swift */; };
		184B77E324188EBC0007A7E4 /* SearchBooksDataSet.swift in Sources */ = {isa = PBXBuildFile; fileRef = 184B77E224188EBC0007A7E4 /* SearchBooksDataSet.swift */; };
		184B77E5241890E60007A7E4 /* BooksTableViewCell.swift in Sources */ = {isa = PBXBuildFile; fileRef = 184B77E4241890E60007A7E4 /* BooksTableViewCell.swift */; };
/* End PBXBuildFile section */

/* Begin PBXFileReference section */
		184B77C924188C3C0007A7E4 /* GoogleBooksSearchApp.app */ = {isa = PBXFileReference; explicitFileType = wrapper.application; includeInIndex = 0; path = GoogleBooksSearchApp.app; sourceTree = BUILT_PRODUCTS_DIR; };
		184B77CC24188C3C0007A7E4 /* AppDelegate.swift */ = {isa = PBXFileReference; lastKnownFileType = sourcecode.swift; path = AppDelegate.swift; sourceTree = "<group>"; };
		184B77CE24188C3C0007A7E4 /* SceneDelegate.swift */ = {isa = PBXFileReference; lastKnownFileType = sourcecode.swift; path = SceneDelegate.swift; sourceTree = "<group>"; };
		184B77D024188C3C0007A7E4 /* ViewController.swift */ = {isa = PBXFileReference; lastKnownFileType = sourcecode.swift; path = ViewController.swift; sourceTree = "<group>"; };
		184B77D324188C3C0007A7E4 /* Base */ = {isa = PBXFileReference; lastKnownFileType = file.storyboard; name = Base; path = Base.lproj/Main.storyboard; sourceTree = "<group>"; };
		184B77D524188C3F0007A7E4 /* Assets.xcassets */ = {isa = PBXFileReference; lastKnownFileType = folder.assetcatalog; path = Assets.xcassets; sourceTree = "<group>"; };
		184B77D824188C3F0007A7E4 /* Base */ = {isa = PBXFileReference; lastKnownFileType = file.storyboard; name = Base; path = Base.lproj/LaunchScreen.storyboard; sourceTree = "<group>"; };
		184B77DA24188C3F0007A7E4 /* Info.plist */ = {isa = PBXFileReference; lastKnownFileType = text.plist.xml; path = Info.plist; sourceTree = "<group>"; };
		184B77E024188CC70007A7E4 /* SearchResultTableViewController.swift */ = {isa = PBXFileReference; lastKnownFileType = sourcecode.swift; path = SearchResultTableViewController.swift; sourceTree = "<group>"; };
		184B77E224188EBC0007A7E4 /* SearchBooksDataSet.swift */ = {isa = PBXFileReference; lastKnownFileType = sourcecode.swift; path = SearchBooksDataSet.swift; sourceTree = "<group>"; };
		184B77E4241890E60007A7E4 /* BooksTableViewCell.swift */ = {isa = PBXFileReference; lastKnownFileType = sourcecode.swift; path = BooksTableViewCell.swift; sourceTree = "<group>"; };
/* End PBXFileReference section */

/* Begin PBXFrameworksBuildPhase section */
		184B77C624188C3C0007A7E4 /* Frameworks */ = {
			isa = PBXFrameworksBuildPhase;
			buildActionMask = 2147483647;
			files = (
			);
			runOnlyForDeploymentPostprocessing = 0;
		};
/* End PBXFrameworksBuildPhase section */

/* Begin PBXGroup section */
		184B77C024188C3C0007A7E4 = {
			isa = PBXGroup;
			children = (
				184B77CB24188C3C0007A7E4 /* GoogleBooksSearchApp */,
				184B77CA24188C3C0007A7E4 /* Products */,
			);
			sourceTree = "<group>";
		};
		184B77CA24188C3C0007A7E4 /* Products */ = {
			isa = PBXGroup;
			children = (
				184B77C924188C3C0007A7E4 /* GoogleBooksSearchApp.app */,
			);
			name = Products;
			sourceTree = "<group>";
		};
		184B77CB24188C3C0007A7E4 /* GoogleBooksSearchApp */ = {
			isa = PBXGroup;
			children = (
				184B77CC24188C3C0007A7E4 /* AppDelegate.swift */,
				184B77CE24188C3C0007A7E4 /* SceneDelegate.swift */,
				184B77D024188C3C0007A7E4 /* ViewController.swift */,
				184B77D224188C3C0007A7E4 /* Main.storyboard */,
				184B77E224188EBC0007A7E4 /* SearchBooksDataSet.swift */,
				184B77E024188CC70007A7E4 /* SearchResultTableViewController.swift */,
				184B77E4241890E60007A7E4 /* BooksTableViewCell.swift */,
				184B77D524188C3F0007A7E4 /* Assets.xcassets */,
				184B77D724188C3F0007A7E4 /* LaunchScreen.storyboard */,
				184B77DA24188C3F0007A7E4 /* Info.plist */,
			);
			path = GoogleBooksSearchApp;
			sourceTree = "<group>";
		};
/* End PBXGroup section */

/* Begin PBXNativeTarget section */
		184B77C824188C3C0007A7E4 /* GoogleBooksSearchApp */ = {
			isa = PBXNativeTarget;
			buildConfigurationList = 184B77DD24188C3F0007A7E4 /* Build configuration list for PBXNativeTarget "GoogleBooksSearchApp" */;
			buildPhases = (
				184B77C524188C3C0007A7E4 /* Sources */,
				184B77C624188C3C0007A7E4 /* Frameworks */,
				184B77C724188C3C0007A7E4 /* Resources */,
			);
			buildRules = (
			);
			dependencies = (
			);
			name = GoogleBooksSearchApp;
			productName = GoogleBooksSearchApp;
			productReference = 184B77C924188C3C0007A7E4 /* GoogleBooksSearchApp.app */;
			productType = "com.apple.product-type.application";
		};
/* End PBXNativeTarget section */

/* Begin PBXProject section */
		184B77C124188C3C0007A7E4 /* Project object */ = {
			isa = PBXProject;
			attributes = {
				LastSwiftUpdateCheck = 1130;
				LastUpgradeCheck = 1130;
				ORGANIZATIONNAME = Rentaro;
				TargetAttributes = {
					184B77C824188C3C0007A7E4 = {
						CreatedOnToolsVersion = 11.3.1;
					};
				};
			};
			buildConfigurationList = 184B77C424188C3C0007A7E4 /* Build configuration list for PBXProject "GoogleBooksSearchApp" */;
			compatibilityVersion = "Xcode 9.3";
			developmentRegion = en;
			hasScannedForEncodings = 0;
			knownRegions = (
				en,
				Base,
			);
			mainGroup = 184B77C024188C3C0007A7E4;
			productRefGroup = 184B77CA24188C3C0007A7E4 /* Products */;
			projectDirPath = "";
			projectRoot = "";
			targets = (
				184B77C824188C3C0007A7E4 /* GoogleBooksSearchApp */,
			);
		};
/* End PBXProject section */

/* Begin PBXResourcesBuildPhase section */
		184B77C724188C3C0007A7E4 /* Resources */ = {
			isa = PBXResourcesBuildPhase;
			buildActionMask = 2147483647;
			files = (
				184B77D924188C3F0007A7E4 /* LaunchScreen.storyboard in Resources */,
				184B77D624188C3F0007A7E4 /* Assets.xcassets in Resources */,
				184B77D424188C3C0007A7E4 /* Main.storyboard in Resources */,
			);
			runOnlyForDeploymentPostprocessing = 0;
		};
/* End PBXResourcesBuildPhase section */

/* Begin PBXSourcesBuildPhase section */
		184B77C524188C3C0007A7E4 /* Sources */ = {
			isa = PBXSourcesBuildPhase;
			buildActionMask = 2147483647;
			files = (
				184B77E5241890E60007A7E4 /* BooksTableViewCell.swift in Sources */,
				184B77E124188CC70007A7E4 /* SearchResultTableViewController.swift in Sources */,
				184B77E324188EBC0007A7E4 /* SearchBooksDataSet.swift in Sources */,
				184B77D124188C3C0007A7E4 /* ViewController.swift in Sources */,
				184B77CD24188C3C0007A7E4 /* AppDelegate.swift in Sources */,
				184B77CF24188C3C0007A7E4 /* SceneDelegate.swift in Sources */,
			);
			runOnlyForDeploymentPostprocessing = 0;
		};
/* End PBXSourcesBuildPhase section */

/* Begin PBXVariantGroup section */
		184B77D224188C3C0007A7E4 /* Main.storyboard */ = {
			isa = PBXVariantGroup;
			children = (
				184B77D324188C3C0007A7E4 /* Base */,
			);
			name = Main.storyboard;
			sourceTree = "<group>";
		};
		184B77D724188C3F0007A7E4 /* LaunchScreen.storyboard */ = {
			isa = PBXVariantGroup;
			children = (
				184B77D824188C3F0007A7E4 /* Base */,
			);
			name = LaunchScreen.storyboard;
			sourceTree = "<group>";
		};
/* End PBXVariantGroup section */

/* Begin XCBuildConfiguration section */
		184B77DB24188C3F0007A7E4 /* Debug */ = {
			isa = XCBuildConfiguration;
			buildSettings = {
				ALWAYS_SEARCH_USER_PATHS = NO;
				CLANG_ANALYZER_NONNULL = YES;
				CLANG_ANALYZER_NUMBER_OBJECT_CONVERSION = YES_AGGRESSIVE;
				CLANG_CXX_LANGUAGE_STANDARD = "gnu++14";
				CLANG_CXX_LIBRARY = "libc++";
				CLANG_ENABLE_MODULES = YES;
				CLANG_ENABLE_OBJC_ARC = YES;
				CLANG_ENABLE_OBJC_WEAK = YES;
				CLANG_WARN_BLOCK_CAPTURE_AUTORELEASING = YES;
				CLANG_WARN_BOOL_CONVERSION = YES;
				CLANG_WARN_COMMA = YES;
				CLANG_WARN_CONSTANT_CONVERSION = YES;
				CLANG_WARN_DEPRECATED_OBJC_IMPLEMENTATIONS = YES;
				CLANG_WARN_DIRECT_OBJC_ISA_USAGE = YES_ERROR;
				CLANG_WARN_DOCUMENTATION_COMMENTS = YES;
				CLANG_WARN_EMPTY_BODY = YES;
				CLANG_WARN_ENUM_CONVERSION = YES;
				CLANG_WARN_INFINITE_RECURSION = YES;
				CLANG_WARN_INT_CONVERSION = YES;
				CLANG_WARN_NON_LITERAL_NULL_CONVERSION = YES;
				CLANG_WARN_OBJC_IMPLICIT_RETAIN_SELF = YES;
				CLANG_WARN_OBJC_LITERAL_CONVERSION = YES;
				CLANG_WARN_OBJC_ROOT_CLASS = YES_ERROR;
				CLANG_WARN_RANGE_LOOP_ANALYSIS = YES;
				CLANG_WARN_STRICT_PROTOTYPES = YES;
				CLANG_WARN_SUSPICIOUS_MOVE = YES;
				CLANG_WARN_UNGUARDED_AVAILABILITY = YES_AGGRESSIVE;
				CLANG_WARN_UNREACHABLE_CODE = YES;
				CLANG_WARN__DUPLICATE_METHOD_MATCH = YES;
				COPY_PHASE_STRIP = NO;
				DEBUG_INFORMATION_FORMAT = dwarf;
				ENABLE_STRICT_OBJC_MSGSEND = YES;
				ENABLE_TESTABILITY = YES;
				GCC_C_LANGUAGE_STANDARD = gnu11;
				GCC_DYNAMIC_NO_PIC = NO;
				GCC_NO_COMMON_BLOCKS = YES;
				GCC_OPTIMIZATION_LEVEL = 0;
				GCC_PREPROCESSOR_DEFINITIONS = (
					"DEBUG=1",
					"$(inherited)",
				);
				GCC_WARN_64_TO_32_BIT_CONVERSION = YES;
				GCC_WARN_ABOUT_RETURN_TYPE = YES_ERROR;
				GCC_WARN_UNDECLARED_SELECTOR = YES;
				GCC_WARN_UNINITIALIZED_AUTOS = YES_AGGRESSIVE;
				GCC_WARN_UNUSED_FUNCTION = YES;
				GCC_WARN_UNUSED_VARIABLE = YES;
				IPHONEOS_DEPLOYMENT_TARGET = 13.2;
				MTL_ENABLE_DEBUG_INFO = INCLUDE_SOURCE;
				MTL_FAST_MATH = YES;
				ONLY_ACTIVE_ARCH = YES;
				SDKROOT = iphoneos;
				SWIFT_ACTIVE_COMPILATION_CONDITIONS = DEBUG;
				SWIFT_OPTIMIZATION_LEVEL = "-Onone";
			};
			name = Debug;
		};
		184B77DC24188C3F0007A7E4 /* Release */ = {
			isa = XCBuildConfiguration;
			buildSettings = {
				ALWAYS_SEARCH_USER_PATHS = NO;
				CLANG_ANALYZER_NONNULL = YES;
				CLANG_ANALYZER_NUMBER_OBJECT_CONVERSION = YES_AGGRESSIVE;
				CLANG_CXX_LANGUAGE_STANDARD = "gnu++14";
				CLANG_CXX_LIBRARY = "libc++";
				CLANG_ENABLE_MODULES = YES;
				CLANG_ENABLE_OBJC_ARC = YES;
				CLANG_ENABLE_OBJC_WEAK = YES;
				CLANG_WARN_BLOCK_CAPTURE_AUTORELEASING = YES;
				CLANG_WARN_BOOL_CONVERSION = YES;
				CLANG_WARN_COMMA = YES;
				CLANG_WARN_CONSTANT_CONVERSION = YES;
				CLANG_WARN_DEPRECATED_OBJC_IMPLEMENTATIONS = YES;
				CLANG_WARN_DIRECT_OBJC_ISA_USAGE = YES_ERROR;
				CLANG_WARN_DOCUMENTATION_COMMENTS = YES;
				CLANG_WARN_EMPTY_BODY = YES;
				CLANG_WARN_ENUM_CONVERSION = YES;
				CLANG_WARN_INFINITE_RECURSION = YES;
				CLANG_WARN_INT_CONVERSION = YES;
				CLANG_WARN_NON_LITERAL_NULL_CONVERSION = YES;
				CLANG_WARN_OBJC_IMPLICIT_RETAIN_SELF = YES;
				CLANG_WARN_OBJC_LITERAL_CONVERSION = YES;
				CLANG_WARN_OBJC_ROOT_CLASS = YES_ERROR;
				CLANG_WARN_RANGE_LOOP_ANALYSIS = YES;
				CLANG_WARN_STRICT_PROTOTYPES = YES;
				CLANG_WARN_SUSPICIOUS_MOVE = YES;
				CLANG_WARN_UNGUARDED_AVAILABILITY = YES_AGGRESSIVE;
				CLANG_WARN_UNREACHABLE_CODE = YES;
				CLANG_WARN__DUPLICATE_METHOD_MATCH = YES;
				COPY_PHASE_STRIP = NO;
				DEBUG_INFORMATION_FORMAT = "dwarf-with-dsym";
				ENABLE_NS_ASSERTIONS = NO;
				ENABLE_STRICT_OBJC_MSGSEND = YES;
				GCC_C_LANGUAGE_STANDARD = gnu11;
				GCC_NO_COMMON_BLOCKS = YES;
				GCC_WARN_64_TO_32_BIT_CONVERSION = YES;
				GCC_WARN_ABOUT_RETURN_TYPE = YES_ERROR;
				GCC_WARN_UNDECLARED_SELECTOR = YES;
				GCC_WARN_UNINITIALIZED_AUTOS = YES_AGGRESSIVE;
				GCC_WARN_UNUSED_FUNCTION = YES;
				GCC_WARN_UNUSED_VARIABLE = YES;
				IPHONEOS_DEPLOYMENT_TARGET = 13.2;
				MTL_ENABLE_DEBUG_INFO = NO;
				MTL_FAST_MATH = YES;
				SDKROOT = iphoneos;
				SWIFT_COMPILATION_MODE = wholemodule;
				SWIFT_OPTIMIZATION_LEVEL = "-O";
				VALIDATE_PRODUCT = YES;
			};
			name = Release;
		};
		184B77DE24188C3F0007A7E4 /* Debug */ = {
			isa = XCBuildConfiguration;
			buildSettings = {
				ASSETCATALOG_COMPILER_APPICON_NAME = AppIcon;
				CODE_SIGN_STYLE = Automatic;
				DEVELOPMENT_TEAM = 2RC344KPBS;
				INFOPLIST_FILE = GoogleBooksSearchApp/Info.plist;
				LD_RUNPATH_SEARCH_PATHS = (
					"$(inherited)",
					"@executable_path/Frameworks",
				);
				PRODUCT_BUNDLE_IDENTIFIER = com.gmail.rentarou1994.GoogleBooksSearchApp;
				PRODUCT_NAME = "$(TARGET_NAME)";
				SWIFT_VERSION = 5.0;
				TARGETED_DEVICE_FAMILY = "1,2";
			};
			name = Debug;
		};
		184B77DF24188C3F0007A7E4 /* Release */ = {
			isa = XCBuildConfiguration;
			buildSettings = {
				ASSETCATALOG_COMPILER_APPICON_NAME = AppIcon;
				CODE_SIGN_STYLE = Automatic;
				DEVELOPMENT_TEAM = 2RC344KPBS;
				INFOPLIST_FILE = GoogleBooksSearchApp/Info.plist;
				LD_RUNPATH_SEARCH_PATHS = (
					"$(inherited)",
					"@executable_path/Frameworks",
				);
				PRODUCT_BUNDLE_IDENTIFIER = com.gmail.rentarou1994.GoogleBooksSearchApp;
				PRODUCT_NAME = "$(TARGET_NAME)";
				SWIFT_VERSION = 5.0;
				TARGETED_DEVICE_FAMILY = "1,2";
			};
			name = Release;
		};
/* End XCBuildConfiguration section */

/* Begin XCConfigurationList section */
		184B77C424188C3C0007A7E4 /* Build configuration list for PBXProject "GoogleBooksSearchApp" */ = {
			isa = XCConfigurationList;
			buildConfigurations = (
				184B77DB24188C3F0007A7E4 /* Debug */,
				184B77DC24188C3F0007A7E4 /* Release */,
			);
			defaultConfigurationIsVisible = 0;
			defaultConfigurationName = Release;
		};
		184B77DD24188C3F0007A7E4 /* Build configuration list for PBXNativeTarget "GoogleBooksSearchApp" */ = {
			isa = XCConfigurationList;
			buildConfigurations = (
				184B77DE24188C3F0007A7E4 /* Debug */,
				184B77DF24188C3F0007A7E4 /* Release */,
			);
			defaultConfigurationIsVisible = 0;
			defaultConfigurationName = Release;
		};
/* End XCConfigurationList section */
	};
	rootObject = 184B77C124188C3C0007A7E4 /* Project object */;
}
